schema: '2.0'
stages:
  temp_subspace_consistency:
    cmd: python scripts/check_subspace_consistency.py --infile data/trial_data/Earl_20190716_COCST_TD.mat
      --outdir results/subspace_consistency
    deps:
    - path: data/trial_data/Earl_20190716_COCST_TD.mat
      md5: 5b38bd926780c5eb65a237a621e00a6f
      size: 256345478
    - path: scripts/check_subspace_consistency.py
      md5: 8fe4ca91be5633f9d5e885da646794cc
      size: 5258
    params:
      params.yaml:
        subspace_consistency.analysis_bin_size: 0.05
        subspace_consistency.num_bootstraps: 1
        subspace_consistency.smoothing_kernel_std: 0.05
    outs:
    - path: results/temp_subspace_consistency/
      md5: d751713988987e9331980363e24189ce.dir
      size: 0
      nfiles: 0
  subspace_consistency@1:
    cmd: python scripts/check_subspace_consistency.py --infile data/trial_data/Ford_20180627_COCST_TD.mat
      --outdir results/subspace_consistency/Ford_20180627/
    deps:
    - path: data/trial_data/Ford_20180627_COCST_TD.mat
      md5: d716e2c6ff9a3759fdb5234b1808da72
      size: 172600092
    - path: scripts/check_subspace_consistency.py
      md5: b7e4ba94d5531eb4183091454f3fec38
      size: 5279
    params:
      params.yaml:
        subspace_consistency.analysis_bin_size: 0.05
        subspace_consistency.num_bootstraps: 100
        subspace_consistency.smoothing_kernel_std: 0.05
    outs:
    - path: results/subspace_consistency/Ford_20180627/
      md5: 54fbcc8e7718e834301d427594b2fa8e.dir
      size: 43405
      nfiles: 1
  subspace_consistency@0:
    cmd: python scripts/check_subspace_consistency.py --infile data/trial_data/Earl_20190716_COCST_TD.mat
      --outdir results/subspace_consistency/Earl_20190716/
    deps:
    - path: data/trial_data/Earl_20190716_COCST_TD.mat
      md5: 5b38bd926780c5eb65a237a621e00a6f
      size: 256345478
    - path: scripts/check_subspace_consistency.py
      md5: b7e4ba94d5531eb4183091454f3fec38
      size: 5279
    params:
      params.yaml:
        subspace_consistency.analysis_bin_size: 0.05
        subspace_consistency.num_bootstraps: 100
        subspace_consistency.smoothing_kernel_std: 0.05
    outs:
    - path: results/subspace_consistency/Earl_20190716/
      md5: 36427f41fd03ab542d1ca6e893dc32db.dir
      size: 43184
      nfiles: 1
  co_dpca@0:
    cmd: python scripts/check_co_dpca.py --infile data/trial_data/Earl_20190716_COCST_TD.mat
      --outdir results/co_dpca/Earl_20190716/
    deps:
    - path: data/trial_data/Earl_20190716_COCST_TD.mat
      md5: 5b38bd926780c5eb65a237a621e00a6f
      size: 256345478
    - path: scripts/check_co_dpca.py
      md5: b4a3218dd4b019c0be5c7974a09b252c
      size: 6796
    params:
      params.yaml:
        co_dpca.co_rel_end_time: 0.5
        co_dpca.co_rel_start_time: -0.4
        co_dpca.cst_rel_end_time: 5
        co_dpca.cst_rel_start_time: -0.4
        co_dpca.smoothing_kernel_std: 0.05
        co_dpca.softnorm_rates: false
    outs:
    - path: results/co_dpca/Earl_20190716/
      md5: ef19b204ae32e89bfc5684dd5f83f406.dir
      size: 480358
      nfiles: 5
  co_dpca@1:
    cmd: python scripts/check_co_dpca.py --infile data/trial_data/Ford_20180627_COCST_TD.mat
      --outdir results/co_dpca/Ford_20180627/
    deps:
    - path: data/trial_data/Ford_20180627_COCST_TD.mat
      md5: d716e2c6ff9a3759fdb5234b1808da72
      size: 172600092
    - path: scripts/check_co_dpca.py
      md5: b4a3218dd4b019c0be5c7974a09b252c
      size: 6796
    params:
      params.yaml:
        co_dpca.co_rel_end_time: 0.5
        co_dpca.co_rel_start_time: -0.4
        co_dpca.cst_rel_end_time: 5
        co_dpca.cst_rel_start_time: -0.4
        co_dpca.smoothing_kernel_std: 0.05
        co_dpca.softnorm_rates: false
    outs:
    - path: results/co_dpca/Ford_20180627/
      md5: d4468e84cc8b2fb9e8154817f06ea4eb.dir
      size: 488569
      nfiles: 5
