schema: '2.0'
stages:
  temp_subspace_consistency:
    cmd: python scripts/check_subspace_consistency.py --infile data/trial_data/Earl_20190716_COCST_TD.mat
      --outdir results/subspace_consistency
    deps:
    - path: data/trial_data/Earl_20190716_COCST_TD.mat
      md5: 5b38bd926780c5eb65a237a621e00a6f
      size: 256345478
    - path: scripts/check_subspace_consistency.py
      md5: 8fe4ca91be5633f9d5e885da646794cc
      size: 5258
    params:
      params.yaml:
        subspace_consistency.analysis_bin_size: 0.05
        subspace_consistency.num_bootstraps: 1
        subspace_consistency.smoothing_kernel_std: 0.05
    outs:
    - path: results/temp_subspace_consistency/
      md5: d751713988987e9331980363e24189ce.dir
      size: 0
      nfiles: 0
  subspace_consistency@1:
    cmd: python scripts/check_subspace_consistency.py --infile data/trial_data/Ford_20180627_COCST_TD.mat
      --outdir results/subspace_consistency/Ford_20180627/
    deps:
    - path: data/trial_data/Ford_20180627_COCST_TD.mat
      md5: d716e2c6ff9a3759fdb5234b1808da72
      size: 172600092
    - path: scripts/check_subspace_consistency.py
      md5: b7e4ba94d5531eb4183091454f3fec38
      size: 5279
    params:
      params.yaml:
        subspace_consistency.analysis_bin_size: 0.05
        subspace_consistency.num_bootstraps: 100
        subspace_consistency.smoothing_kernel_std: 0.05
    outs:
    - path: results/subspace_consistency/Ford_20180627/
      md5: 54fbcc8e7718e834301d427594b2fa8e.dir
      size: 43405
      nfiles: 1
  subspace_consistency@0:
    cmd: python scripts/check_subspace_consistency.py --infile data/trial_data/Earl_20190716_COCST_TD.mat
      --outdir results/subspace_consistency/Earl_20190716/
    deps:
    - path: data/trial_data/Earl_20190716_COCST_TD.mat
      md5: 5b38bd926780c5eb65a237a621e00a6f
      size: 256345478
    - path: scripts/check_subspace_consistency.py
      md5: b7e4ba94d5531eb4183091454f3fec38
      size: 5279
    params:
      params.yaml:
        subspace_consistency.analysis_bin_size: 0.05
        subspace_consistency.num_bootstraps: 100
        subspace_consistency.smoothing_kernel_std: 0.05
    outs:
    - path: results/subspace_consistency/Earl_20190716/
      md5: 36427f41fd03ab542d1ca6e893dc32db.dir
      size: 43184
      nfiles: 1
  co_dpca@0:
    cmd: python scripts/check_co_dpca.py --infile data/trial_data/Earl_20190716_COCST_TD.mat
      --outdir results/co_dpca/Earl_20190716/
    deps:
    - path: data/trial_data/Earl_20190716_COCST_TD.mat
      md5: 5b38bd926780c5eb65a237a621e00a6f
      size: 256345478
    - path: scripts/check_co_dpca.py
      md5: d7bd10c532f7f269939414ad62d959d9
      size: 6839
    params:
      params.yaml:
        co_dpca.co_rel_end_time: 0.5
        co_dpca.co_rel_start_time: -0.4
        co_dpca.cst_rel_end_time: 5
        co_dpca.cst_rel_start_time: -0.4
        co_dpca.smoothing_kernel_std: 0.05
        co_dpca.softnorm_rates: false
    outs:
    - path: results/co_dpca/Earl_20190716/
      md5: 340a2921724d151815c5cbffd0b389e3.dir
      size: 477580
      nfiles: 5
  co_dpca@1:
    cmd: python scripts/check_co_dpca.py --infile data/trial_data/Ford_20180627_COCST_TD.mat
      --outdir results/co_dpca/Ford_20180627/
    deps:
    - path: data/trial_data/Ford_20180627_COCST_TD.mat
      md5: d716e2c6ff9a3759fdb5234b1808da72
      size: 172600092
    - path: scripts/check_co_dpca.py
      md5: d7bd10c532f7f269939414ad62d959d9
      size: 6839
    params:
      params.yaml:
        co_dpca.co_rel_end_time: 0.5
        co_dpca.co_rel_start_time: -0.4
        co_dpca.cst_rel_end_time: 5
        co_dpca.cst_rel_start_time: -0.4
        co_dpca.smoothing_kernel_std: 0.05
        co_dpca.softnorm_rates: false
    outs:
    - path: results/co_dpca/Ford_20180627/
      md5: d067bb3153da66549ccf6ae4f7cbdda0.dir
      size: 482168
      nfiles: 5
  context_analysis@0:
    cmd: python scripts/compare_hold_period_activity.py --infile data/trial_data/Earl_20190716_COCST_TD.mat
      --outdir results/hold_time_analysis/Earl_20190716/
    deps:
    - path: data/trial_data/Earl_20190716_COCST_TD.mat
      md5: 5b38bd926780c5eb65a237a621e00a6f
      size: 256345478
    - path: scripts/compare_hold_period_activity.py
      md5: 2f1b11a6a81a8a24601921a1a21bfa58
      size: 3668
    outs:
    - path: results/hold_time_analysis/Earl_20190716/
      md5: c969a444b8f94f31dae54ddcf709b863.dir
      size: 1686411
      nfiles: 10
  context_analysis@1:
    cmd: python scripts/compare_hold_period_activity.py --infile data/trial_data/Ford_20180627_COCST_TD.mat
      --outdir results/hold_time_analysis/Ford_20180627/
    deps:
    - path: data/trial_data/Ford_20180627_COCST_TD.mat
      md5: d716e2c6ff9a3759fdb5234b1808da72
      size: 172600092
    - path: scripts/compare_hold_period_activity.py
      md5: 2f1b11a6a81a8a24601921a1a21bfa58
      size: 3668
    outs:
    - path: results/hold_time_analysis/Ford_20180627/
      md5: 5ab3419f1cadbb8d70eba9843fab4100.dir
      size: 1262164
      nfiles: 10
